
Microsoft Visual Studio Solution File, Format Version 12.00
# Visual Studio Version 17
VisualStudioVersion = 17.2.32616.157
MinimumVisualStudioVersion = 10.0.40219.1
Project("{2150E333-8FDC-42A3-9474-1A3956D46DE8}") = "Services", "Services", "{27774BC9-4834-413A-B7DD-351A652A3653}"
EndProject
Project("{2150E333-8FDC-42A3-9474-1A3956D46DE8}") = "Catalog", "Catalog", "{CD264A50-7167-474A-8527-987AE3AA8C28}"
EndProject
Project("{9A19103F-16F7-4668-BE54-9A1E7A4F7556}") = "Catalog.API", "Services\Catalog\Catalog.API\Catalog.API.csproj", "{426FC7F5-E86D-4040-9DB5-ECD984705C68}"
EndProject
Project("{E53339B2-1760-4266-BCC7-CA923CBCF16C}") = "docker-compose", "docker-compose.dcproj", "{46FB67DC-5923-40D8-B80D-362832E24388}"
EndProject
Project("{2150E333-8FDC-42A3-9474-1A3956D46DE8}") = "Basket", "Basket", "{809C4D89-0DAA-4BA6-98CA-368F0B5D0499}"
EndProject
Project("{9A19103F-16F7-4668-BE54-9A1E7A4F7556}") = "Basket.API", "Services\Basket\Basket.API\Basket.API.csproj", "{426B1DDF-B1ED-405B-9C52-B5DCFC929C0B}"
EndProject
Project("{2150E333-8FDC-42A3-9474-1A3956D46DE8}") = "Discount", "Discount", "{997B489A-3F04-461F-A61D-0A1C5D259739}"
EndProject
Project("{9A19103F-16F7-4668-BE54-9A1E7A4F7556}") = "Discount.API", "Services\Discount\Discount.API\Discount.API.csproj", "{B6C4C641-0B91-498A-A2CC-EFAE4A3EE218}"
EndProject
Project("{9A19103F-16F7-4668-BE54-9A1E7A4F7556}") = "Discount.Grpc", "Services\Discount\Discount.Grpc\Discount.Grpc.csproj", "{2EBB664E-BEF7-40A8-B848-0F6B2C40C211}"
EndProject
Project("{2150E333-8FDC-42A3-9474-1A3956D46DE8}") = "Scripts", "Scripts", "{E9598897-F7D4-4FDF-A02E-C46F76599584}"
	ProjectSection(SolutionItems) = preProject
		down.bat = down.bat
		up.bat = up.bat
	EndProjectSection
EndProject
Project("{2150E333-8FDC-42A3-9474-1A3956D46DE8}") = "Ordering", "Ordering", "{51716AC5-57FD-4C63-92AD-7E2BF9386CEE}"
EndProject
Project("{9A19103F-16F7-4668-BE54-9A1E7A4F7556}") = "Ordering.API", "Services\Ordering\Ordering.API\Ordering.API.csproj", "{D9B99F5C-1066-42AF-933F-9D11DE72927B}"
EndProject
Project("{9A19103F-16F7-4668-BE54-9A1E7A4F7556}") = "Ordering.Domain", "Services\Ordering\Ordering.Domain\Ordering.Domain.csproj", "{C14810EF-BF86-4406-A3C5-8D88E7AFA398}"
EndProject
Project("{9A19103F-16F7-4668-BE54-9A1E7A4F7556}") = "Ordering.Application", "Services\Ordering\Ordering.Application\Ordering.Application.csproj", "{F0666C41-A71C-437D-9942-D205D69F7D04}"
EndProject
Project("{9A19103F-16F7-4668-BE54-9A1E7A4F7556}") = "Ordering.Infrastructure", "Services\Ordering\Ordering.Infrastructure\Ordering.Infrastructure.csproj", "{1F331361-9A6D-42F5-9AEA-F28E6049DE33}"
EndProject
Project("{2150E333-8FDC-42A3-9474-1A3956D46DE8}") = "BuildingBlocks", "BuildingBlocks", "{E8D81201-A5FE-47BB-A72D-4C689DBB57B1}"
EndProject
Project("{9A19103F-16F7-4668-BE54-9A1E7A4F7556}") = "EventBus.Messages", "BuildingBlocks\EventBus.Messages\EventBus.Messages.csproj", "{52522B2B-CCB5-4F2D-9D28-BEE3659F91E7}"
EndProject
Project("{2150E333-8FDC-42A3-9474-1A3956D46DE8}") = "ApiGateways", "ApiGateways", "{352091C1-148D-4E78-AD78-4796E6843115}"
EndProject
Project("{9A19103F-16F7-4668-BE54-9A1E7A4F7556}") = "OcelotApiGw", "ApiGateways\OcelotApiGw\OcelotApiGw.csproj", "{419DD775-FE4C-4547-A352-7189F1571219}"
EndProject
Project("{9A19103F-16F7-4668-BE54-9A1E7A4F7556}") = "Shopping.Aggregator", "ApiGateways\Shopping.Aggregator\Shopping.Aggregator.csproj", "{38553A9F-751F-4DFF-B362-33222C06A400}"
EndProject
Project("{2150E333-8FDC-42A3-9474-1A3956D46DE8}") = "WebApps", "WebApps", "{94404DA8-822F-49F7-A0E2-1AEFF60CCDFD}"
EndProject
Project("{9A19103F-16F7-4668-BE54-9A1E7A4F7556}") = "AspnetRunBasics", "WebApps\AspnetRunBasics\AspnetRunBasics.csproj", "{0C534646-7CBB-45B1-A070-7BB7B650D8A3}"
EndProject
Global
	GlobalSection(SolutionConfigurationPlatforms) = preSolution
		Debug|Any CPU = Debug|Any CPU
		Release|Any CPU = Release|Any CPU
	EndGlobalSection
	GlobalSection(ProjectConfigurationPlatforms) = postSolution
		{426FC7F5-E86D-4040-9DB5-ECD984705C68}.Debug|Any CPU.ActiveCfg = Debug|Any CPU
		{426FC7F5-E86D-4040-9DB5-ECD984705C68}.Debug|Any CPU.Build.0 = Debug|Any CPU
		{426FC7F5-E86D-4040-9DB5-ECD984705C68}.Release|Any CPU.ActiveCfg = Release|Any CPU
		{426FC7F5-E86D-4040-9DB5-ECD984705C68}.Release|Any CPU.Build.0 = Release|Any CPU
		{46FB67DC-5923-40D8-B80D-362832E24388}.Debug|Any CPU.ActiveCfg = Debug|Any CPU
		{46FB67DC-5923-40D8-B80D-362832E24388}.Debug|Any CPU.Build.0 = Debug|Any CPU
		{46FB67DC-5923-40D8-B80D-362832E24388}.Release|Any CPU.ActiveCfg = Release|Any CPU
		{46FB67DC-5923-40D8-B80D-362832E24388}.Release|Any CPU.Build.0 = Release|Any CPU
		{426B1DDF-B1ED-405B-9C52-B5DCFC929C0B}.Debug|Any CPU.ActiveCfg = Debug|Any CPU
		{426B1DDF-B1ED-405B-9C52-B5DCFC929C0B}.Debug|Any CPU.Build.0 = Debug|Any CPU
		{426B1DDF-B1ED-405B-9C52-B5DCFC929C0B}.Release|Any CPU.ActiveCfg = Release|Any CPU
		{426B1DDF-B1ED-405B-9C52-B5DCFC929C0B}.Release|Any CPU.Build.0 = Release|Any CPU
		{B6C4C641-0B91-498A-A2CC-EFAE4A3EE218}.Debug|Any CPU.ActiveCfg = Debug|Any CPU
		{B6C4C641-0B91-498A-A2CC-EFAE4A3EE218}.Debug|Any CPU.Build.0 = Debug|Any CPU
		{B6C4C641-0B91-498A-A2CC-EFAE4A3EE218}.Release|Any CPU.ActiveCfg = Release|Any CPU
		{B6C4C641-0B91-498A-A2CC-EFAE4A3EE218}.Release|Any CPU.Build.0 = Release|Any CPU
		{2EBB664E-BEF7-40A8-B848-0F6B2C40C211}.Debug|Any CPU.ActiveCfg = Debug|Any CPU
		{2EBB664E-BEF7-40A8-B848-0F6B2C40C211}.Debug|Any CPU.Build.0 = Debug|Any CPU
		{2EBB664E-BEF7-40A8-B848-0F6B2C40C211}.Release|Any CPU.ActiveCfg = Release|Any CPU
		{2EBB664E-BEF7-40A8-B848-0F6B2C40C211}.Release|Any CPU.Build.0 = Release|Any CPU
		{D9B99F5C-1066-42AF-933F-9D11DE72927B}.Debug|Any CPU.ActiveCfg = Debug|Any CPU
		{D9B99F5C-1066-42AF-933F-9D11DE72927B}.Debug|Any CPU.Build.0 = Debug|Any CPU
		{D9B99F5C-1066-42AF-933F-9D11DE72927B}.Release|Any CPU.ActiveCfg = Release|Any CPU
		{D9B99F5C-1066-42AF-933F-9D11DE72927B}.Release|Any CPU.Build.0 = Release|Any CPU
		{C14810EF-BF86-4406-A3C5-8D88E7AFA398}.Debug|Any CPU.ActiveCfg = Debug|Any CPU
		{C14810EF-BF86-4406-A3C5-8D88E7AFA398}.Debug|Any CPU.Build.0 = Debug|Any CPU
		{C14810EF-BF86-4406-A3C5-8D88E7AFA398}.Release|Any CPU.ActiveCfg = Release|Any CPU
		{C14810EF-BF86-4406-A3C5-8D88E7AFA398}.Release|Any CPU.Build.0 = Release|Any CPU
		{F0666C41-A71C-437D-9942-D205D69F7D04}.Debug|Any CPU.ActiveCfg = Debug|Any CPU
		{F0666C41-A71C-437D-9942-D205D69F7D04}.Debug|Any CPU.Build.0 = Debug|Any CPU
		{F0666C41-A71C-437D-9942-D205D69F7D04}.Release|Any CPU.ActiveCfg = Release|Any CPU
		{F0666C41-A71C-437D-9942-D205D69F7D04}.Release|Any CPU.Build.0 = Release|Any CPU
		{1F331361-9A6D-42F5-9AEA-F28E6049DE33}.Debug|Any CPU.ActiveCfg = Debug|Any CPU
		{1F331361-9A6D-42F5-9AEA-F28E6049DE33}.Debug|Any CPU.Build.0 = Debug|Any CPU
		{1F331361-9A6D-42F5-9AEA-F28E6049DE33}.Release|Any CPU.ActiveCfg = Release|Any CPU
		{1F331361-9A6D-42F5-9AEA-F28E6049DE33}.Release|Any CPU.Build.0 = Release|Any CPU
		{52522B2B-CCB5-4F2D-9D28-BEE3659F91E7}.Debug|Any CPU.ActiveCfg = Debug|Any CPU
		{52522B2B-CCB5-4F2D-9D28-BEE3659F91E7}.Debug|Any CPU.Build.0 = Debug|Any CPU
		{52522B2B-CCB5-4F2D-9D28-BEE3659F91E7}.Release|Any CPU.ActiveCfg = Release|Any CPU
		{52522B2B-CCB5-4F2D-9D28-BEE3659F91E7}.Release|Any CPU.Build.0 = Release|Any CPU
		{419DD775-FE4C-4547-A352-7189F1571219}.Debug|Any CPU.ActiveCfg = Debug|Any CPU
		{419DD775-FE4C-4547-A352-7189F1571219}.Debug|Any CPU.Build.0 = Debug|Any CPU
		{419DD775-FE4C-4547-A352-7189F1571219}.Release|Any CPU.ActiveCfg = Release|Any CPU
		{419DD775-FE4C-4547-A352-7189F1571219}.Release|Any CPU.Build.0 = Release|Any CPU
		{38553A9F-751F-4DFF-B362-33222C06A400}.Debug|Any CPU.ActiveCfg = Debug|Any CPU
		{38553A9F-751F-4DFF-B362-33222C06A400}.Debug|Any CPU.Build.0 = Debug|Any CPU
		{38553A9F-751F-4DFF-B362-33222C06A400}.Release|Any CPU.ActiveCfg = Release|Any CPU
		{38553A9F-751F-4DFF-B362-33222C06A400}.Release|Any CPU.Build.0 = Release|Any CPU
		{0C534646-7CBB-45B1-A070-7BB7B650D8A3}.Debug|Any CPU.ActiveCfg = Debug|Any CPU
		{0C534646-7CBB-45B1-A070-7BB7B650D8A3}.Debug|Any CPU.Build.0 = Debug|Any CPU
		{0C534646-7CBB-45B1-A070-7BB7B650D8A3}.Release|Any CPU.ActiveCfg = Release|Any CPU
		{0C534646-7CBB-45B1-A070-7BB7B650D8A3}.Release|Any CPU.Build.0 = Release|Any CPU
	EndGlobalSection
	GlobalSection(SolutionProperties) = preSolution
		HideSolutionNode = FALSE
	EndGlobalSection
	GlobalSection(NestedProjects) = preSolution
		{CD264A50-7167-474A-8527-987AE3AA8C28} = {27774BC9-4834-413A-B7DD-351A652A3653}
		{426FC7F5-E86D-4040-9DB5-ECD984705C68} = {CD264A50-7167-474A-8527-987AE3AA8C28}
		{809C4D89-0DAA-4BA6-98CA-368F0B5D0499} = {27774BC9-4834-413A-B7DD-351A652A3653}
		{426B1DDF-B1ED-405B-9C52-B5DCFC929C0B} = {809C4D89-0DAA-4BA6-98CA-368F0B5D0499}
		{997B489A-3F04-461F-A61D-0A1C5D259739} = {27774BC9-4834-413A-B7DD-351A652A3653}
		{B6C4C641-0B91-498A-A2CC-EFAE4A3EE218} = {997B489A-3F04-461F-A61D-0A1C5D259739}
		{2EBB664E-BEF7-40A8-B848-0F6B2C40C211} = {997B489A-3F04-461F-A61D-0A1C5D259739}
		{51716AC5-57FD-4C63-92AD-7E2BF9386CEE} = {27774BC9-4834-413A-B7DD-351A652A3653}
		{D9B99F5C-1066-42AF-933F-9D11DE72927B} = {51716AC5-57FD-4C63-92AD-7E2BF9386CEE}
		{C14810EF-BF86-4406-A3C5-8D88E7AFA398} = {51716AC5-57FD-4C63-92AD-7E2BF9386CEE}
		{F0666C41-A71C-437D-9942-D205D69F7D04} = {51716AC5-57FD-4C63-92AD-7E2BF9386CEE}
		{1F331361-9A6D-42F5-9AEA-F28E6049DE33} = {51716AC5-57FD-4C63-92AD-7E2BF9386CEE}
		{52522B2B-CCB5-4F2D-9D28-BEE3659F91E7} = {E8D81201-A5FE-47BB-A72D-4C689DBB57B1}
		{419DD775-FE4C-4547-A352-7189F1571219} = {352091C1-148D-4E78-AD78-4796E6843115}
		{38553A9F-751F-4DFF-B362-33222C06A400} = {352091C1-148D-4E78-AD78-4796E6843115}
		{0C534646-7CBB-45B1-A070-7BB7B650D8A3} = {94404DA8-822F-49F7-A0E2-1AEFF60CCDFD}
	EndGlobalSection
	GlobalSection(ExtensibilityGlobals) = postSolution
		SolutionGuid = {8578B412-AFE7-4BB1-8A58-1A97A416AC4A}
	EndGlobalSection
EndGlobal
